
Microsoft Visual Studio Solution File, Format Version 12.00
# Visual Studio Version 17
VisualStudioVersion = 17.7.34221.43
MinimumVisualStudioVersion = 10.0.40219.1
Project("{8BC9CEB8-8B4A-11D0-8D11-00A0C91BC942}") = "GameApplication", "GameApplication\GameApplication.vcxproj", "{FD1AFEEC-B92D-41D2-B080-E12F1AA03C19}"
EndProject
Project("{8BC9CEB8-8B4A-11D0-8D11-00A0C91BC942}") = "GameCrypt", "GameCrypt\GameCrypt.vcxproj", "{5DEC1F3F-2BBB-420D-B0B2-FCDCC4BC672E}"
EndProject
Project("{8BC9CEB8-8B4A-11D0-8D11-00A0C91BC942}") = "cryptlib", "cryptopp-master\cryptlib.vcxproj", "{C39F4B46-6E89-4074-902E-CA57073044D2}"
EndProject
Project("{2150E333-8FDC-42A3-9474-1A3956D46DE8}") = "Game", "Game", "{AD953B67-30B8-42B6-9791-0FB306938EB2}"
EndProject
Project("{2150E333-8FDC-42A3-9474-1A3956D46DE8}") = "Libs", "Libs", "{0AA5E873-26A7-4EA9-ABD5-D156666E825B}"
EndProject
Project("{2150E333-8FDC-42A3-9474-1A3956D46DE8}") = "GameCryptTest", "GameCryptTest", "{A5E51009-8A73-4B74-8CEA-DCFDEC7ED213}"
EndProject
Project("{8BC9CEB8-8B4A-11D0-8D11-00A0C91BC942}") = "GameCryptTest", "GameCryptTest\GameCryptTest.vcxproj", "{0FA63D21-795A-4EAF-A1F4-5F7194708BE9}"
EndProject
Global
	GlobalSection(SolutionConfigurationPlatforms) = preSolution
		Debug|x64 = Debug|x64
		Debug|x86 = Debug|x86
		Release|x64 = Release|x64
		Release|x86 = Release|x86
	EndGlobalSection
	GlobalSection(ProjectConfigurationPlatforms) = postSolution
		{FD1AFEEC-B92D-41D2-B080-E12F1AA03C19}.Debug|x64.ActiveCfg = Debug|x64
		{FD1AFEEC-B92D-41D2-B080-E12F1AA03C19}.Debug|x64.Build.0 = Debug|x64
		{FD1AFEEC-B92D-41D2-B080-E12F1AA03C19}.Debug|x86.ActiveCfg = Debug|Win32
		{FD1AFEEC-B92D-41D2-B080-E12F1AA03C19}.Debug|x86.Build.0 = Debug|Win32
		{FD1AFEEC-B92D-41D2-B080-E12F1AA03C19}.Release|x64.ActiveCfg = Release|x64
		{FD1AFEEC-B92D-41D2-B080-E12F1AA03C19}.Release|x64.Build.0 = Release|x64
		{FD1AFEEC-B92D-41D2-B080-E12F1AA03C19}.Release|x86.ActiveCfg = Release|Win32
		{FD1AFEEC-B92D-41D2-B080-E12F1AA03C19}.Release|x86.Build.0 = Release|Win32
		{5DEC1F3F-2BBB-420D-B0B2-FCDCC4BC672E}.Debug|x64.ActiveCfg = Debug|x64
		{5DEC1F3F-2BBB-420D-B0B2-FCDCC4BC672E}.Debug|x64.Build.0 = Debug|x64
		{5DEC1F3F-2BBB-420D-B0B2-FCDCC4BC672E}.Debug|x86.ActiveCfg = Debug|Win32
		{5DEC1F3F-2BBB-420D-B0B2-FCDCC4BC672E}.Debug|x86.Build.0 = Debug|Win32
		{5DEC1F3F-2BBB-420D-B0B2-FCDCC4BC672E}.Release|x64.ActiveCfg = Release|x64
		{5DEC1F3F-2BBB-420D-B0B2-FCDCC4BC672E}.Release|x64.Build.0 = Release|x64
		{5DEC1F3F-2BBB-420D-B0B2-FCDCC4BC672E}.Release|x86.ActiveCfg = Release|Win32
		{5DEC1F3F-2BBB-420D-B0B2-FCDCC4BC672E}.Release|x86.Build.0 = Release|Win32
		{C39F4B46-6E89-4074-902E-CA57073044D2}.Debug|x64.ActiveCfg = Debug|x64
		{C39F4B46-6E89-4074-902E-CA57073044D2}.Debug|x64.Build.0 = Debug|x64
		{C39F4B46-6E89-4074-902E-CA57073044D2}.Debug|x86.ActiveCfg = Debug|Win32
		{C39F4B46-6E89-4074-902E-CA57073044D2}.Debug|x86.Build.0 = Debug|Win32
		{C39F4B46-6E89-4074-902E-CA57073044D2}.Release|x64.ActiveCfg = Release|x64
		{C39F4B46-6E89-4074-902E-CA57073044D2}.Release|x64.Build.0 = Release|x64
		{C39F4B46-6E89-4074-902E-CA57073044D2}.Release|x86.ActiveCfg = Release|Win32
		{C39F4B46-6E89-4074-902E-CA57073044D2}.Release|x86.Build.0 = Release|Win32
		{0FA63D21-795A-4EAF-A1F4-5F7194708BE9}.Debug|x64.ActiveCfg = Debug|x64
		{0FA63D21-795A-4EAF-A1F4-5F7194708BE9}.Debug|x64.Build.0 = Debug|x64
		{0FA63D21-795A-4EAF-A1F4-5F7194708BE9}.Debug|x86.ActiveCfg = Debug|Win32
		{0FA63D21-795A-4EAF-A1F4-5F7194708BE9}.Debug|x86.Build.0 = Debug|Win32
		{0FA63D21-795A-4EAF-A1F4-5F7194708BE9}.Release|x64.ActiveCfg = Release|x64
		{0FA63D21-795A-4EAF-A1F4-5F7194708BE9}.Release|x64.Build.0 = Release|x64
		{0FA63D21-795A-4EAF-A1F4-5F7194708BE9}.Release|x86.ActiveCfg = Release|Win32
		{0FA63D21-795A-4EAF-A1F4-5F7194708BE9}.Release|x86.Build.0 = Release|Win32
	EndGlobalSection
	GlobalSection(SolutionProperties) = preSolution
		HideSolutionNode = FALSE
	EndGlobalSection
	GlobalSection(NestedProjects) = preSolution
		{FD1AFEEC-B92D-41D2-B080-E12F1AA03C19} = {AD953B67-30B8-42B6-9791-0FB306938EB2}
		{5DEC1F3F-2BBB-420D-B0B2-FCDCC4BC672E} = {0AA5E873-26A7-4EA9-ABD5-D156666E825B}
		{C39F4B46-6E89-4074-902E-CA57073044D2} = {0AA5E873-26A7-4EA9-ABD5-D156666E825B}
		{A5E51009-8A73-4B74-8CEA-DCFDEC7ED213} = {0AA5E873-26A7-4EA9-ABD5-D156666E825B}
		{0FA63D21-795A-4EAF-A1F4-5F7194708BE9} = {A5E51009-8A73-4B74-8CEA-DCFDEC7ED213}
	EndGlobalSection
	GlobalSection(ExtensibilityGlobals) = postSolution
		SolutionGuid = {D4BDCFB6-58E9-424E-9D42-5668C84298B0}
	EndGlobalSection
EndGlobal
